{
  "name": "opossum-memory-bug",
  "version": "1.0.0",
  "lockfileVersion": 1,
  "requires": true,
  "dependencies": {
    "opossum": {
      "version": "6.3.0",
      "resolved": "https://registry.npmjs.org/opossum/-/opossum-6.3.0.tgz",
      "integrity": "sha512-youR7pMTpgnbPJEPruM8Ku1WKUXnjmsK99GC5fkGFrOK8jduY1hvMiooUa3QZg6Xdso03skr37q6Evpt9PZ2cA=="
    }
  }
}
